
Microsoft Visual Studio Solution File, Format Version 12.00
Project("{2150E333-8FDC-42A3-9474-1A3956D46DE8}") = "task_1", "task_1", "{D919740B-A3E6-4045-B817-7B4989056D14}"
EndProject
Project("{FAE04EC0-301F-11D3-BF4B-00C04F79EFBC}") = "Client", "task_1\Client\Client.csproj", "{C935753A-F64A-4640-8971-06AD53B746C9}"
EndProject
Project("{FAE04EC0-301F-11D3-BF4B-00C04F79EFBC}") = "Server", "task_1\Server\Server.csproj", "{387FEAA5-A4FC-4CFE-A50E-C89912B4D106}"
EndProject
Project("{2150E333-8FDC-42A3-9474-1A3956D46DE8}") = "task_2", "task_2", "{54A8CFBE-BACB-400E-BB57-238D185FA38F}"
EndProject
Project("{FAE04EC0-301F-11D3-BF4B-00C04F79EFBC}") = "Client", "task_2\Client\Client.csproj", "{16CD3F9B-B428-466B-B414-B1B83B5CCF8D}"
EndProject
Project("{FAE04EC0-301F-11D3-BF4B-00C04F79EFBC}") = "Server", "task_2\Server\Server.csproj", "{5E27BCC0-9340-4071-B347-23DFC2CAD2B0}"
EndProject
Project("{2150E333-8FDC-42A3-9474-1A3956D46DE8}") = "task_3", "task_3", "{796C1DEC-2968-4885-A9D3-E9A224019DFB}"
EndProject
Project("{FAE04EC0-301F-11D3-BF4B-00C04F79EFBC}") = "Server", "task_3\Server\Server.csproj", "{191649E9-6612-498A-9367-27C1D68D5D67}"
EndProject
Project("{2150E333-8FDC-42A3-9474-1A3956D46DE8}") = "task_4", "task_4", "{B68CC348-59DB-48A1-8CDD-D83437B23FBD}"
EndProject
Project("{FAE04EC0-301F-11D3-BF4B-00C04F79EFBC}") = "Server", "task_4\Server\Server.csproj", "{A825B053-D4DA-4BF5-8417-3778AE0C31DA}"
EndProject
Project("{FAE04EC0-301F-11D3-BF4B-00C04F79EFBC}") = "Client", "task_4\Client\Client.csproj", "{CC2B2A25-1934-4887-8DE6-3688CC7A335D}"
EndProject
Project("{2150E333-8FDC-42A3-9474-1A3956D46DE8}") = "task_5", "task_5", "{F3005EA6-B59C-40BD-9917-6336857119AC}"
EndProject
Project("{FAE04EC0-301F-11D3-BF4B-00C04F79EFBC}") = "Server", "task_5\Server\Server.csproj", "{A7C59ED4-1023-4705-8A57-B7D9FA5E9C9E}"
EndProject
Global
	GlobalSection(SolutionConfigurationPlatforms) = preSolution
		Debug|Any CPU = Debug|Any CPU
		Release|Any CPU = Release|Any CPU
	EndGlobalSection
	GlobalSection(ProjectConfigurationPlatforms) = postSolution
		{C935753A-F64A-4640-8971-06AD53B746C9}.Debug|Any CPU.ActiveCfg = Debug|Any CPU
		{C935753A-F64A-4640-8971-06AD53B746C9}.Debug|Any CPU.Build.0 = Debug|Any CPU
		{C935753A-F64A-4640-8971-06AD53B746C9}.Release|Any CPU.ActiveCfg = Release|Any CPU
		{C935753A-F64A-4640-8971-06AD53B746C9}.Release|Any CPU.Build.0 = Release|Any CPU
		{387FEAA5-A4FC-4CFE-A50E-C89912B4D106}.Debug|Any CPU.ActiveCfg = Debug|Any CPU
		{387FEAA5-A4FC-4CFE-A50E-C89912B4D106}.Debug|Any CPU.Build.0 = Debug|Any CPU
		{387FEAA5-A4FC-4CFE-A50E-C89912B4D106}.Release|Any CPU.ActiveCfg = Release|Any CPU
		{387FEAA5-A4FC-4CFE-A50E-C89912B4D106}.Release|Any CPU.Build.0 = Release|Any CPU
		{16CD3F9B-B428-466B-B414-B1B83B5CCF8D}.Debug|Any CPU.ActiveCfg = Debug|Any CPU
		{16CD3F9B-B428-466B-B414-B1B83B5CCF8D}.Debug|Any CPU.Build.0 = Debug|Any CPU
		{16CD3F9B-B428-466B-B414-B1B83B5CCF8D}.Release|Any CPU.ActiveCfg = Release|Any CPU
		{16CD3F9B-B428-466B-B414-B1B83B5CCF8D}.Release|Any CPU.Build.0 = Release|Any CPU
		{5E27BCC0-9340-4071-B347-23DFC2CAD2B0}.Debug|Any CPU.ActiveCfg = Debug|Any CPU
		{5E27BCC0-9340-4071-B347-23DFC2CAD2B0}.Debug|Any CPU.Build.0 = Debug|Any CPU
		{5E27BCC0-9340-4071-B347-23DFC2CAD2B0}.Release|Any CPU.ActiveCfg = Release|Any CPU
		{5E27BCC0-9340-4071-B347-23DFC2CAD2B0}.Release|Any CPU.Build.0 = Release|Any CPU
		{191649E9-6612-498A-9367-27C1D68D5D67}.Debug|Any CPU.ActiveCfg = Debug|Any CPU
		{191649E9-6612-498A-9367-27C1D68D5D67}.Debug|Any CPU.Build.0 = Debug|Any CPU
		{191649E9-6612-498A-9367-27C1D68D5D67}.Release|Any CPU.ActiveCfg = Release|Any CPU
		{191649E9-6612-498A-9367-27C1D68D5D67}.Release|Any CPU.Build.0 = Release|Any CPU
		{A825B053-D4DA-4BF5-8417-3778AE0C31DA}.Debug|Any CPU.ActiveCfg = Debug|Any CPU
		{A825B053-D4DA-4BF5-8417-3778AE0C31DA}.Debug|Any CPU.Build.0 = Debug|Any CPU
		{A825B053-D4DA-4BF5-8417-3778AE0C31DA}.Release|Any CPU.ActiveCfg = Release|Any CPU
		{A825B053-D4DA-4BF5-8417-3778AE0C31DA}.Release|Any CPU.Build.0 = Release|Any CPU
		{A7C59ED4-1023-4705-8A57-B7D9FA5E9C9E}.Debug|Any CPU.ActiveCfg = Debug|Any CPU
		{A7C59ED4-1023-4705-8A57-B7D9FA5E9C9E}.Debug|Any CPU.Build.0 = Debug|Any CPU
		{A7C59ED4-1023-4705-8A57-B7D9FA5E9C9E}.Release|Any CPU.ActiveCfg = Release|Any CPU
		{A7C59ED4-1023-4705-8A57-B7D9FA5E9C9E}.Release|Any CPU.Build.0 = Release|Any CPU
		{CC2B2A25-1934-4887-8DE6-3688CC7A335D}.Debug|Any CPU.ActiveCfg = Debug|Any CPU
		{CC2B2A25-1934-4887-8DE6-3688CC7A335D}.Debug|Any CPU.Build.0 = Debug|Any CPU
		{CC2B2A25-1934-4887-8DE6-3688CC7A335D}.Release|Any CPU.ActiveCfg = Release|Any CPU
		{CC2B2A25-1934-4887-8DE6-3688CC7A335D}.Release|Any CPU.Build.0 = Release|Any CPU
	EndGlobalSection
	GlobalSection(NestedProjects) = preSolution
		{C935753A-F64A-4640-8971-06AD53B746C9} = {D919740B-A3E6-4045-B817-7B4989056D14}
		{387FEAA5-A4FC-4CFE-A50E-C89912B4D106} = {D919740B-A3E6-4045-B817-7B4989056D14}
		{16CD3F9B-B428-466B-B414-B1B83B5CCF8D} = {54A8CFBE-BACB-400E-BB57-238D185FA38F}
		{5E27BCC0-9340-4071-B347-23DFC2CAD2B0} = {54A8CFBE-BACB-400E-BB57-238D185FA38F}
		{191649E9-6612-498A-9367-27C1D68D5D67} = {796C1DEC-2968-4885-A9D3-E9A224019DFB}
		{A825B053-D4DA-4BF5-8417-3778AE0C31DA} = {B68CC348-59DB-48A1-8CDD-D83437B23FBD}
		{A7C59ED4-1023-4705-8A57-B7D9FA5E9C9E} = {F3005EA6-B59C-40BD-9917-6336857119AC}
		{CC2B2A25-1934-4887-8DE6-3688CC7A335D} = {B68CC348-59DB-48A1-8CDD-D83437B23FBD}
	EndGlobalSection
EndGlobal
